
Microsoft Visual Studio Solution File, Format Version 12.00
# Visual Studio Version 17
VisualStudioVersion = 17.0.31919.166
MinimumVisualStudioVersion = 10.0.40219.1
Project("{9A19103F-16F7-4668-BE54-9A1E7A4F7556}") = "ZimLabs.WpfBase.NetCore", "ZimLabs.WpfBase.NetCore.csproj", "{5EBA479B-C0FF-45E9-B7A6-496D76D1F27A}"
EndProject
Project("{FAE04EC0-301F-11D3-BF4B-00C04F79EFBC}") = "Demo", "..\Demo\Demo.csproj", "{AD5B54A4-49A2-42BA-A687-A357EE9A79E7}"
EndProject
Global
	GlobalSection(SolutionConfigurationPlatforms) = preSolution
		Debug|Any CPU = Debug|Any CPU
		Release|Any CPU = Release|Any CPU
	EndGlobalSection
	GlobalSection(ProjectConfigurationPlatforms) = postSolution
		{5EBA479B-C0FF-45E9-B7A6-496D76D1F27A}.Debug|Any CPU.ActiveCfg = Debug|Any CPU
		{5EBA479B-C0FF-45E9-B7A6-496D76D1F27A}.Debug|Any CPU.Build.0 = Debug|Any CPU
		{5EBA479B-C0FF-45E9-B7A6-496D76D1F27A}.Release|Any CPU.ActiveCfg = Release|Any CPU
		{5EBA479B-C0FF-45E9-B7A6-496D76D1F27A}.Release|Any CPU.Build.0 = Release|Any CPU
		{AD5B54A4-49A2-42BA-A687-A357EE9A79E7}.Debug|Any CPU.ActiveCfg = Debug|Any CPU
		{AD5B54A4-49A2-42BA-A687-A357EE9A79E7}.Debug|Any CPU.Build.0 = Debug|Any CPU
		{AD5B54A4-49A2-42BA-A687-A357EE9A79E7}.Release|Any CPU.ActiveCfg = Release|Any CPU
		{AD5B54A4-49A2-42BA-A687-A357EE9A79E7}.Release|Any CPU.Build.0 = Release|Any CPU
	EndGlobalSection
	GlobalSection(SolutionProperties) = preSolution
		HideSolutionNode = FALSE
	EndGlobalSection
	GlobalSection(ExtensibilityGlobals) = postSolution
		SolutionGuid = {2DB4DB7F-E68E-48E7-81D0-FFC96652718D}
	EndGlobalSection
EndGlobal
